version = 1
revision = 2
requires-python = ">=3.11.9"

[[package]]
name = "cbor"
version = "1.0.0"
source = { registry = "https://pypi.org/simple" }
sdist = { url = "https://files.pythonhosted.org/packages/9b/99/01c6a987c920500189eb74a291bd3a388e6c7cf85736bb6b066d9833315e/cbor-1.0.0.tar.gz", hash = "sha256:13225a262ddf5615cbd9fd55a76a0d53069d18b07d2e9f19c39e6acb8609bbb6", size = 20096, upload-time = "2016-02-09T23:11:12.726Z" }

[[package]]
name = "rl-chunk-selector"
version = "0.1.0"
source = { virtual = "." }
dependencies = [
    { name = "cbor" },
]

[package.metadata]
requires-dist = [{ name = "cbor", specifier = ">=1.0.0" }]
